
Microsoft Visual Studio Solution File, Format Version 12.00
# Visual Studio 15
Project("{FAE04EC0-301F-11D3-BF4B-00C04F79EFBC}") = "Assembly-CSharp", "Assembly-CSharp.csproj", "{D45F1973-9A89-9EE2-F433-EB9003846171}"
EndProject
Project("{FAE04EC0-301F-11D3-BF4B-00C04F79EFBC}") = "Assembly-CSharp-Editor", "Assembly-CSharp-Editor.csproj", "{2FF40B0C-9E59-B3B0-5B55-7152FFB9F859}"
EndProject
Global
	GlobalSection(SolutionConfigurationPlatforms) = preSolution
		Debug|Any CPU = Debug|Any CPU
		Release|Any CPU = Release|Any CPU
	EndGlobalSection
	GlobalSection(ProjectConfigurationPlatforms) = postSolution
		{D45F1973-9A89-9EE2-F433-EB9003846171}.Debug|Any CPU.ActiveCfg = Debug|Any CPU
		{D45F1973-9A89-9EE2-F433-EB9003846171}.Debug|Any CPU.Build.0 = Debug|Any CPU
		{D45F1973-9A89-9EE2-F433-EB9003846171}.Release|Any CPU.ActiveCfg = Release|Any CPU
		{D45F1973-9A89-9EE2-F433-EB9003846171}.Release|Any CPU.Build.0 = Release|Any CPU
		{2FF40B0C-9E59-B3B0-5B55-7152FFB9F859}.Debug|Any CPU.ActiveCfg = Debug|Any CPU
		{2FF40B0C-9E59-B3B0-5B55-7152FFB9F859}.Debug|Any CPU.Build.0 = Debug|Any CPU
		{2FF40B0C-9E59-B3B0-5B55-7152FFB9F859}.Release|Any CPU.ActiveCfg = Release|Any CPU
		{2FF40B0C-9E59-B3B0-5B55-7152FFB9F859}.Release|Any CPU.Build.0 = Release|Any CPU
	EndGlobalSection
	GlobalSection(SolutionProperties) = preSolution
		HideSolutionNode = FALSE
	EndGlobalSection
EndGlobal
